
Microsoft Visual Studio Solution File, Format Version 12.00
# Visual Studio Version 17
VisualStudioVersion = 17.0.31903.59
MinimumVisualStudioVersion = 10.0.40219.1
Project("{FAE04EC0-301F-11D3-BF4B-00C04F79EFBC}") = "Estudos C#", "ExemploFundamentos\Estudos C#.csproj", "{040BAA81-B782-4B5E-987E-3003B1632DBC}"
EndProject
Project("{FAE04EC0-301F-11D3-BF4B-00C04F79EFBC}") = "ExemploFundamentosCommon", "ExemploFundamentosCommon\ExemploFundamentosCommon.csproj", "{540B75FE-C967-4983-BE35-EF11DF5376DA}"
EndProject
Global
	GlobalSection(SolutionConfigurationPlatforms) = preSolution
		Debug|Any CPU = Debug|Any CPU
		Release|Any CPU = Release|Any CPU
	EndGlobalSection
	GlobalSection(SolutionProperties) = preSolution
		HideSolutionNode = FALSE
	EndGlobalSection
	GlobalSection(ProjectConfigurationPlatforms) = postSolution
		{040BAA81-B782-4B5E-987E-3003B1632DBC}.Debug|Any CPU.ActiveCfg = Debug|Any CPU
		{040BAA81-B782-4B5E-987E-3003B1632DBC}.Debug|Any CPU.Build.0 = Debug|Any CPU
		{040BAA81-B782-4B5E-987E-3003B1632DBC}.Release|Any CPU.ActiveCfg = Release|Any CPU
		{040BAA81-B782-4B5E-987E-3003B1632DBC}.Release|Any CPU.Build.0 = Release|Any CPU
		{540B75FE-C967-4983-BE35-EF11DF5376DA}.Debug|Any CPU.ActiveCfg = Debug|Any CPU
		{540B75FE-C967-4983-BE35-EF11DF5376DA}.Debug|Any CPU.Build.0 = Debug|Any CPU
		{540B75FE-C967-4983-BE35-EF11DF5376DA}.Release|Any CPU.ActiveCfg = Release|Any CPU
		{540B75FE-C967-4983-BE35-EF11DF5376DA}.Release|Any CPU.Build.0 = Release|Any CPU
	EndGlobalSection
EndGlobal
